
Microsoft Visual Studio Solution File, Format Version 12.00
# Visual Studio 15
VisualStudioVersion = 15.0.28307.421
MinimumVisualStudioVersion = 10.0.40219.1
Project("{FAE04EC0-301F-11D3-BF4B-00C04F79EFBC}") = "PM_QLTiecCuoi", "PM_QLTiecCuoi\PM_QLTiecCuoi.csproj", "{88683524-F189-4516-8AA8-2F0BD2642286}"
EndProject
Global
	GlobalSection(SolutionConfigurationPlatforms) = preSolution
		Debug|Any CPU = Debug|Any CPU
		Release|Any CPU = Release|Any CPU
	EndGlobalSection
	GlobalSection(ProjectConfigurationPlatforms) = postSolution
		{88683524-F189-4516-8AA8-2F0BD2642286}.Debug|Any CPU.ActiveCfg = Debug|Any CPU
		{88683524-F189-4516-8AA8-2F0BD2642286}.Debug|Any CPU.Build.0 = Debug|Any CPU
		{88683524-F189-4516-8AA8-2F0BD2642286}.Release|Any CPU.ActiveCfg = Release|Any CPU
		{88683524-F189-4516-8AA8-2F0BD2642286}.Release|Any CPU.Build.0 = Release|Any CPU
	EndGlobalSection
	GlobalSection(SolutionProperties) = preSolution
		HideSolutionNode = FALSE
	EndGlobalSection
	GlobalSection(ExtensibilityGlobals) = postSolution
		SolutionGuid = {AA6DC7AD-DB71-40F8-AF95-1C86FB760EDC}
	EndGlobalSection
EndGlobal
