
Microsoft Visual Studio Solution File, Format Version 12.00
# Visual Studio 15
VisualStudioVersion = 15.0.28307.421
MinimumVisualStudioVersion = 10.0.40219.1
Project("{FAE04EC0-301F-11D3-BF4B-00C04F79EFBC}") = "WeddingApp", "WeddingApp\WeddingApp.csproj", "{737DD23E-8295-4147-A261-C9D924F37A32}"
EndProject
Global
	GlobalSection(SolutionConfigurationPlatforms) = preSolution
		Debug|Any CPU = Debug|Any CPU
		Release|Any CPU = Release|Any CPU
	EndGlobalSection
	GlobalSection(ProjectConfigurationPlatforms) = postSolution
		{737DD23E-8295-4147-A261-C9D924F37A32}.Debug|Any CPU.ActiveCfg = Debug|Any CPU
		{737DD23E-8295-4147-A261-C9D924F37A32}.Debug|Any CPU.Build.0 = Debug|Any CPU
		{737DD23E-8295-4147-A261-C9D924F37A32}.Release|Any CPU.ActiveCfg = Release|Any CPU
		{737DD23E-8295-4147-A261-C9D924F37A32}.Release|Any CPU.Build.0 = Release|Any CPU
	EndGlobalSection
	GlobalSection(SolutionProperties) = preSolution
		HideSolutionNode = FALSE
	EndGlobalSection
	GlobalSection(ExtensibilityGlobals) = postSolution
		SolutionGuid = {65F14254-25F8-4907-BC4E-E80FA8B93AFD}
	EndGlobalSection
EndGlobal
